
Microsoft Visual Studio Solution File, Format Version 12.00
# Visual Studio 15
VisualStudioVersion = 15.0.28307.1738
MinimumVisualStudioVersion = 10.0.40219.1
Project("{8BC9CEB8-8B4A-11D0-8D11-00A0C91BC942}") = "6.09", "6.09\6.09.vcxproj", "{866EE043-74BE-4D4E-A844-8E5F1F23B9C3}"
EndProject
Global
	GlobalSection(SolutionConfigurationPlatforms) = preSolution
		Debug|x64 = Debug|x64
		Debug|x86 = Debug|x86
		Release|x64 = Release|x64
		Release|x86 = Release|x86
	EndGlobalSection
	GlobalSection(ProjectConfigurationPlatforms) = postSolution
		{866EE043-74BE-4D4E-A844-8E5F1F23B9C3}.Debug|x64.ActiveCfg = Debug|x64
		{866EE043-74BE-4D4E-A844-8E5F1F23B9C3}.Debug|x64.Build.0 = Debug|x64
		{866EE043-74BE-4D4E-A844-8E5F1F23B9C3}.Debug|x86.ActiveCfg = Debug|Win32
		{866EE043-74BE-4D4E-A844-8E5F1F23B9C3}.Debug|x86.Build.0 = Debug|Win32
		{866EE043-74BE-4D4E-A844-8E5F1F23B9C3}.Release|x64.ActiveCfg = Release|x64
		{866EE043-74BE-4D4E-A844-8E5F1F23B9C3}.Release|x64.Build.0 = Release|x64
		{866EE043-74BE-4D4E-A844-8E5F1F23B9C3}.Release|x86.ActiveCfg = Release|Win32
		{866EE043-74BE-4D4E-A844-8E5F1F23B9C3}.Release|x86.Build.0 = Release|Win32
	EndGlobalSection
	GlobalSection(SolutionProperties) = preSolution
		HideSolutionNode = FALSE
	EndGlobalSection
	GlobalSection(ExtensibilityGlobals) = postSolution
		SolutionGuid = {35EFB567-7C71-47FC-90E9-77D920A3FD03}
	EndGlobalSection
EndGlobal
