
Microsoft Visual Studio Solution File, Format Version 12.00
# Visual Studio 15
VisualStudioVersion = 15.0.28307.1738
MinimumVisualStudioVersion = 10.0.40219.1
Project("{8BC9CEB8-8B4A-11D0-8D11-00A0C91BC942}") = "chiadetribai1", "chiadetribai1\chiadetribai1.vcxproj", "{E379AEA5-0534-47D7-A69B-0933DD2FA527}"
EndProject
Global
	GlobalSection(SolutionConfigurationPlatforms) = preSolution
		Debug|x64 = Debug|x64
		Debug|x86 = Debug|x86
		Release|x64 = Release|x64
		Release|x86 = Release|x86
	EndGlobalSection
	GlobalSection(ProjectConfigurationPlatforms) = postSolution
		{E379AEA5-0534-47D7-A69B-0933DD2FA527}.Debug|x64.ActiveCfg = Debug|x64
		{E379AEA5-0534-47D7-A69B-0933DD2FA527}.Debug|x64.Build.0 = Debug|x64
		{E379AEA5-0534-47D7-A69B-0933DD2FA527}.Debug|x86.ActiveCfg = Debug|Win32
		{E379AEA5-0534-47D7-A69B-0933DD2FA527}.Debug|x86.Build.0 = Debug|Win32
		{E379AEA5-0534-47D7-A69B-0933DD2FA527}.Release|x64.ActiveCfg = Release|x64
		{E379AEA5-0534-47D7-A69B-0933DD2FA527}.Release|x64.Build.0 = Release|x64
		{E379AEA5-0534-47D7-A69B-0933DD2FA527}.Release|x86.ActiveCfg = Release|Win32
		{E379AEA5-0534-47D7-A69B-0933DD2FA527}.Release|x86.Build.0 = Release|Win32
	EndGlobalSection
	GlobalSection(SolutionProperties) = preSolution
		HideSolutionNode = FALSE
	EndGlobalSection
	GlobalSection(ExtensibilityGlobals) = postSolution
		SolutionGuid = {72596204-773D-4A68-98D3-73A1CE0ACCFE}
	EndGlobalSection
EndGlobal
