
Microsoft Visual Studio Solution File, Format Version 12.00
# Visual Studio 15
VisualStudioVersion = 15.0.28307.1738
MinimumVisualStudioVersion = 10.0.40219.1
Project("{8BC9CEB8-8B4A-11D0-8D11-00A0C91BC942}") = "8.01", "8.01\8.01.vcxproj", "{CFBE6ABC-538C-4628-9EFB-F26C0E3870D4}"
EndProject
Global
	GlobalSection(SolutionConfigurationPlatforms) = preSolution
		Debug|x64 = Debug|x64
		Debug|x86 = Debug|x86
		Release|x64 = Release|x64
		Release|x86 = Release|x86
	EndGlobalSection
	GlobalSection(ProjectConfigurationPlatforms) = postSolution
		{CFBE6ABC-538C-4628-9EFB-F26C0E3870D4}.Debug|x64.ActiveCfg = Debug|x64
		{CFBE6ABC-538C-4628-9EFB-F26C0E3870D4}.Debug|x64.Build.0 = Debug|x64
		{CFBE6ABC-538C-4628-9EFB-F26C0E3870D4}.Debug|x86.ActiveCfg = Debug|Win32
		{CFBE6ABC-538C-4628-9EFB-F26C0E3870D4}.Debug|x86.Build.0 = Debug|Win32
		{CFBE6ABC-538C-4628-9EFB-F26C0E3870D4}.Release|x64.ActiveCfg = Release|x64
		{CFBE6ABC-538C-4628-9EFB-F26C0E3870D4}.Release|x64.Build.0 = Release|x64
		{CFBE6ABC-538C-4628-9EFB-F26C0E3870D4}.Release|x86.ActiveCfg = Release|Win32
		{CFBE6ABC-538C-4628-9EFB-F26C0E3870D4}.Release|x86.Build.0 = Release|Win32
	EndGlobalSection
	GlobalSection(SolutionProperties) = preSolution
		HideSolutionNode = FALSE
	EndGlobalSection
	GlobalSection(ExtensibilityGlobals) = postSolution
		SolutionGuid = {CC9C2FB8-1228-457E-8768-CB19EC2E0086}
	EndGlobalSection
EndGlobal
