
Microsoft Visual Studio Solution File, Format Version 12.00
# Visual Studio 15
VisualStudioVersion = 15.0.28307.1738
MinimumVisualStudioVersion = 10.0.40219.1
Project("{8BC9CEB8-8B4A-11D0-8D11-00A0C91BC942}") = "9.06", "9.06\9.06.vcxproj", "{1B49FF60-FC40-4205-87D1-BB7170C74887}"
EndProject
Global
	GlobalSection(SolutionConfigurationPlatforms) = preSolution
		Debug|x64 = Debug|x64
		Debug|x86 = Debug|x86
		Release|x64 = Release|x64
		Release|x86 = Release|x86
	EndGlobalSection
	GlobalSection(ProjectConfigurationPlatforms) = postSolution
		{1B49FF60-FC40-4205-87D1-BB7170C74887}.Debug|x64.ActiveCfg = Debug|x64
		{1B49FF60-FC40-4205-87D1-BB7170C74887}.Debug|x64.Build.0 = Debug|x64
		{1B49FF60-FC40-4205-87D1-BB7170C74887}.Debug|x86.ActiveCfg = Debug|Win32
		{1B49FF60-FC40-4205-87D1-BB7170C74887}.Debug|x86.Build.0 = Debug|Win32
		{1B49FF60-FC40-4205-87D1-BB7170C74887}.Release|x64.ActiveCfg = Release|x64
		{1B49FF60-FC40-4205-87D1-BB7170C74887}.Release|x64.Build.0 = Release|x64
		{1B49FF60-FC40-4205-87D1-BB7170C74887}.Release|x86.ActiveCfg = Release|Win32
		{1B49FF60-FC40-4205-87D1-BB7170C74887}.Release|x86.Build.0 = Release|Win32
	EndGlobalSection
	GlobalSection(SolutionProperties) = preSolution
		HideSolutionNode = FALSE
	EndGlobalSection
	GlobalSection(ExtensibilityGlobals) = postSolution
		SolutionGuid = {09B4DF02-3AD7-49B1-9DD3-5C179CF3DE29}
	EndGlobalSection
EndGlobal
