
Microsoft Visual Studio Solution File, Format Version 12.00
# Visual Studio 15
VisualStudioVersion = 15.0.28307.1738
MinimumVisualStudioVersion = 10.0.40219.1
Project("{8BC9CEB8-8B4A-11D0-8D11-00A0C91BC942}") = "2.08", "2.08\2.08.vcxproj", "{F14FCBB7-41E9-4B98-8465-46A43E5FE23E}"
EndProject
Global
	GlobalSection(SolutionConfigurationPlatforms) = preSolution
		Debug|x64 = Debug|x64
		Debug|x86 = Debug|x86
		Release|x64 = Release|x64
		Release|x86 = Release|x86
	EndGlobalSection
	GlobalSection(ProjectConfigurationPlatforms) = postSolution
		{F14FCBB7-41E9-4B98-8465-46A43E5FE23E}.Debug|x64.ActiveCfg = Debug|x64
		{F14FCBB7-41E9-4B98-8465-46A43E5FE23E}.Debug|x64.Build.0 = Debug|x64
		{F14FCBB7-41E9-4B98-8465-46A43E5FE23E}.Debug|x86.ActiveCfg = Debug|Win32
		{F14FCBB7-41E9-4B98-8465-46A43E5FE23E}.Debug|x86.Build.0 = Debug|Win32
		{F14FCBB7-41E9-4B98-8465-46A43E5FE23E}.Release|x64.ActiveCfg = Release|x64
		{F14FCBB7-41E9-4B98-8465-46A43E5FE23E}.Release|x64.Build.0 = Release|x64
		{F14FCBB7-41E9-4B98-8465-46A43E5FE23E}.Release|x86.ActiveCfg = Release|Win32
		{F14FCBB7-41E9-4B98-8465-46A43E5FE23E}.Release|x86.Build.0 = Release|Win32
	EndGlobalSection
	GlobalSection(SolutionProperties) = preSolution
		HideSolutionNode = FALSE
	EndGlobalSection
	GlobalSection(ExtensibilityGlobals) = postSolution
		SolutionGuid = {1629CE33-EEF6-4A34-865A-B523C49A888C}
	EndGlobalSection
EndGlobal
